
Microsoft Visual Studio Solution File, Format Version 12.00
# Visual Studio Version 17
VisualStudioVersion = 17.8.34408.163
MinimumVisualStudioVersion = 10.0.40219.1
Project("{FAE04EC0-301F-11D3-BF4B-00C04F79EFBC}") = "Homework_12", "Homework_12\Homework_12.csproj", "{DC7093EF-7578-4922-B3A1-9C8124D80CEF}"
EndProject
Global
	GlobalSection(SolutionConfigurationPlatforms) = preSolution
		Debug|Any CPU = Debug|Any CPU
		Release|Any CPU = Release|Any CPU
	EndGlobalSection
	GlobalSection(ProjectConfigurationPlatforms) = postSolution
		{DC7093EF-7578-4922-B3A1-9C8124D80CEF}.Debug|Any CPU.ActiveCfg = Debug|Any CPU
		{DC7093EF-7578-4922-B3A1-9C8124D80CEF}.Debug|Any CPU.Build.0 = Debug|Any CPU
		{DC7093EF-7578-4922-B3A1-9C8124D80CEF}.Release|Any CPU.ActiveCfg = Release|Any CPU
		{DC7093EF-7578-4922-B3A1-9C8124D80CEF}.Release|Any CPU.Build.0 = Release|Any CPU
	EndGlobalSection
	GlobalSection(SolutionProperties) = preSolution
		HideSolutionNode = FALSE
	EndGlobalSection
	GlobalSection(ExtensibilityGlobals) = postSolution
		SolutionGuid = {F962D484-841B-409D-A371-751B340C81E9}
	EndGlobalSection
EndGlobal
